// !$*UTF8*$!
{
	archiveVersion = 1;
	classes = {
	};
	objectVersion = 46;
	objects = {

/* Begin PBXBuildFile section */
		EE353EDB1A5E4C87008E6761 /* main.m in Sources */ = {isa = PBXBuildFile; fileRef = EE353EDA1A5E4C87008E6761 /* main.m */; };
		EE353EDE1A5E4C87008E6761 /* AppDelegate.m in Sources */ = {isa = PBXBuildFile; fileRef = EE353EDD1A5E4C87008E6761 /* AppDelegate.m */; };
		EE353EE41A5E4C87008E6761 /* Main.storyboard in Resources */ = {isa = PBXBuildFile; fileRef = EE353EE21A5E4C87008E6761 /* Main.storyboard */; };
		EE353EE61A5E4C87008E6761 /* Images.xcassets in Resources */ = {isa = PBXBuildFile; fileRef = EE353EE51A5E4C87008E6761 /* Images.xcassets */; };
		EE353EE91A5E4C87008E6761 /* LaunchScreen.xib in Resources */ = {isa = PBXBuildFile; fileRef = EE353EE71A5E4C87008E6761 /* LaunchScreen.xib */; };
		EE353EF51A5E4C87008E6761 /* UITableViewController_Challenge_SolutionTests.m in Sources */ = {isa = PBXBuildFile; fileRef = EE353EF41A5E4C87008E6761 /* UITableViewController_Challenge_SolutionTests.m */; };
		EE353F031A5E5311008E6761 /* CCTableViewController.m in Sources */ = {isa = PBXBuildFile; fileRef = EE353F021A5E5311008E6761 /* CCTableViewController.m */; };
/* End PBXBuildFile section */

/* Begin PBXContainerItemProxy section */
		EE353EEF1A5E4C87008E6761 /* PBXContainerItemProxy */ = {
			isa = PBXContainerItemProxy;
			containerPortal = EE353ECD1A5E4C86008E6761 /* Project object */;
			proxyType = 1;
			remoteGlobalIDString = EE353ED41A5E4C87008E6761;
			remoteInfo = "UITableViewController Challenge Solution";
		};
/* End PBXContainerItemProxy section */

/* Begin PBXFileReference section */
		EE353ED51A5E4C87008E6761 /* UITableViewController Challenge Solution.app */ = {isa = PBXFileReference; explicitFileType = wrapper.application; includeInIndex = 0; path = "UITableViewController Challenge Solution.app"; sourceTree = BUILT_PRODUCTS_DIR; };
		EE353ED91A5E4C87008E6761 /* Info.plist */ = {isa = PBXFileReference; lastKnownFileType = text.plist.xml; path = Info.plist; sourceTree = "<group>"; };
		EE353EDA1A5E4C87008E6761 /* main.m */ = {isa = PBXFileReference; lastKnownFileType = sourcecode.c.objc; path = main.m; sourceTree = "<group>"; };
		EE353EDC1A5E4C87008E6761 /* AppDelegate.h */ = {isa = PBXFileReference; lastKnownFileType = sourcecode.c.h; path = AppDelegate.h; sourceTree = "<group>"; };
		EE353EDD1A5E4C87008E6761 /* AppDelegate.m */ = {isa = PBXFileReference; lastKnownFileType = sourcecode.c.objc; path = AppDelegate.m; sourceTree = "<group>"; };
		EE353EE31A5E4C87008E6761 /* Base */ = {isa = PBXFileReference; lastKnownFileType = file.storyboard; name = Base; path = Base.lproj/Main.storyboard; sourceTree = "<group>"; };
		EE353EE51A5E4C87008E6761 /* Images.xcassets */ = {isa = PBXFileReference; lastKnownFileType = folder.assetcatalog; path = Images.xcassets; sourceTree = "<group>"; };
		EE353EE81A5E4C87008E6761 /* Base */ = {isa = PBXFileReference; lastKnownFileType = file.xib; name = Base; path = Base.lproj/LaunchScreen.xib; sourceTree = "<group>"; };
		EE353EEE1A5E4C87008E6761 /* UITableViewController Challenge SolutionTests.xctest */ = {isa = PBXFileReference; explicitFileType = wrapper.cfbundle; includeInIndex = 0; path = "UITableViewController Challenge SolutionTests.xctest"; sourceTree = BUILT_PRODUCTS_DIR; };
		EE353EF31A5E4C87008E6761 /* Info.plist */ = {isa = PBXFileReference; lastKnownFileType = text.plist.xml; path = Info.plist; sourceTree = "<group>"; };
		EE353EF41A5E4C87008E6761 /* UITableViewController_Challenge_SolutionTests.m */ = {isa = PBXFileReference; lastKnownFileType = sourcecode.c.objc; path = UITableViewController_Challenge_SolutionTests.m; sourceTree = "<group>"; };
		EE353F011A5E5311008E6761 /* CCTableViewController.h */ = {isa = PBXFileReference; fileEncoding = 4; lastKnownFileType = sourcecode.c.h; path = CCTableViewController.h; sourceTree = "<group>"; };
		EE353F021A5E5311008E6761 /* CCTableViewController.m */ = {isa = PBXFileReference; fileEncoding = 4; lastKnownFileType = sourcecode.c.objc; path = CCTableViewController.m; sourceTree = "<group>"; };
/* End PBXFileReference section */

/* Begin PBXFrameworksBuildPhase section */
		EE353ED21A5E4C87008E6761 /* Frameworks */ = {
			isa = PBXFrameworksBuildPhase;
			buildActionMask = 2147483647;
			files = (
			);
			runOnlyForDeploymentPostprocessing = 0;
		};
		EE353EEB1A5E4C87008E6761 /* Frameworks */ = {
			isa = PBXFrameworksBuildPhase;
			buildActionMask = 2147483647;
			files = (
			);
			runOnlyForDeploymentPostprocessing = 0;
		};
/* End PBXFrameworksBuildPhase section */

/* Begin PBXGroup section */
		EE353ECC1A5E4C86008E6761 = {
			isa = PBXGroup;
			children = (
				EE353ED71A5E4C87008E6761 /* UITableViewController Challenge Solution */,
				EE353EF11A5E4C87008E6761 /* UITableViewController Challenge SolutionTests */,
				EE353ED61A5E4C87008E6761 /* Products */,
			);
			sourceTree = "<group>";
		};
		EE353ED61A5E4C87008E6761 /* Products */ = {
			isa = PBXGroup;
			children = (
				EE353ED51A5E4C87008E6761 /* UITableViewController Challenge Solution.app */,
				EE353EEE1A5E4C87008E6761 /* UITableViewController Challenge SolutionTests.xctest */,
			);
			name = Products;
			sourceTree = "<group>";
		};
		EE353ED71A5E4C87008E6761 /* UITableViewController Challenge Solution */ = {
			isa = PBXGroup;
			children = (
				EE353EDC1A5E4C87008E6761 /* AppDelegate.h */,
				EE353EDD1A5E4C87008E6761 /* AppDelegate.m */,
				EE353F011A5E5311008E6761 /* CCTableViewController.h */,
				EE353F021A5E5311008E6761 /* CCTableViewController.m */,
				EE353EE21A5E4C87008E6761 /* Main.storyboard */,
				EE353EE51A5E4C87008E6761 /* Images.xcassets */,
				EE353EE71A5E4C87008E6761 /* LaunchScreen.xib */,
				EE353ED81A5E4C87008E6761 /* Supporting Files */,
			);
			path = "UITableViewController Challenge Solution";
			sourceTree = "<group>";
		};
		EE353ED81A5E4C87008E6761 /* Supporting Files */ = {
			isa = PBXGroup;
			children = (
				EE353ED91A5E4C87008E6761 /* Info.plist */,
				EE353EDA1A5E4C87008E6761 /* main.m */,
			);
			name = "Supporting Files";
			sourceTree = "<group>";
		};
		EE353EF11A5E4C87008E6761 /* UITableViewController Challenge SolutionTests */ = {
			isa = PBXGroup;
			children = (
				EE353EF41A5E4C87008E6761 /* UITableViewController_Challenge_SolutionTests.m */,
				EE353EF21A5E4C87008E6761 /* Supporting Files */,
			);
			path = "UITableViewController Challenge SolutionTests";
			sourceTree = "<group>";
		};
		EE353EF21A5E4C87008E6761 /* Supporting Files */ = {
			isa = PBXGroup;
			children = (
				EE353EF31A5E4C87008E6761 /* Info.plist */,
			);
			name = "Supporting Files";
			sourceTree = "<group>";
		};
/* End PBXGroup section */

/* Begin PBXNativeTarget section */
		EE353ED41A5E4C87008E6761 /* UITableViewController Challenge Solution */ = {
			isa = PBXNativeTarget;
			buildConfigurationList = EE353EF81A5E4C87008E6761 /* Build configuration list for PBXNativeTarget "UITableViewController Challenge Solution" */;
			buildPhases = (
				EE353ED11A5E4C87008E6761 /* Sources */,
				EE353ED21A5E4C87008E6761 /* Frameworks */,
				EE353ED31A5E4C87008E6761 /* Resources */,
			);
			buildRules = (
			);
			dependencies = (
			);
			name = "UITableViewController Challenge Solution";
			productName = "UITableViewController Challenge Solution";
			productReference = EE353ED51A5E4C87008E6761 /* UITableViewController Challenge Solution.app */;
			productType = "com.apple.product-type.application";
		};
		EE353EED1A5E4C87008E6761 /* UITableViewController Challenge SolutionTests */ = {
			isa = PBXNativeTarget;
			buildConfigurationList = EE353EFB1A5E4C87008E6761 /* Build configuration list for PBXNativeTarget "UITableViewController Challenge SolutionTests" */;
			buildPhases = (
				EE353EEA1A5E4C87008E6761 /* Sources */,
				EE353EEB1A5E4C87008E6761 /* Frameworks */,
				EE353EEC1A5E4C87008E6761 /* Resources */,
			);
			buildRules = (
			);
			dependencies = (
				EE353EF01A5E4C87008E6761 /* PBXTargetDependency */,
			);
			name = "UITableViewController Challenge SolutionTests";
			productName = "UITableViewController Challenge SolutionTests";
			productReference = EE353EEE1A5E4C87008E6761 /* UITableViewController Challenge SolutionTests.xctest */;
			productType = "com.apple.product-type.bundle.unit-test";
		};
/* End PBXNativeTarget section */

/* Begin PBXProject section */
		EE353ECD1A5E4C86008E6761 /* Project object */ = {
			isa = PBXProject;
			attributes = {
				LastUpgradeCheck = 0610;
				ORGANIZATIONNAME = NTES;
				TargetAttributes = {
					EE353ED41A5E4C87008E6761 = {
						CreatedOnToolsVersion = 6.1.1;
					};
					EE353EED1A5E4C87008E6761 = {
						CreatedOnToolsVersion = 6.1.1;
						TestTargetID = EE353ED41A5E4C87008E6761;
					};
				};
			};
			buildConfigurationList = EE353ED01A5E4C86008E6761 /* Build configuration list for PBXProject "UITableViewController Challenge Solution" */;
			compatibilityVersion = "Xcode 3.2";
			developmentRegion = English;
			hasScannedForEncodings = 0;
			knownRegions = (
				en,
				Base,
			);
			mainGroup = EE353ECC1A5E4C86008E6761;
			productRefGroup = EE353ED61A5E4C87008E6761 /* Products */;
			projectDirPath = "";
			projectRoot = "";
			targets = (
				EE353ED41A5E4C87008E6761 /* UITableViewController Challenge Solution */,
				EE353EED1A5E4C87008E6761 /* UITableViewController Challenge SolutionTests */,
			);
		};
/* End PBXProject section */

/* Begin PBXResourcesBuildPhase section */
		EE353ED31A5E4C87008E6761 /* Resources */ = {
			isa = PBXResourcesBuildPhase;
			buildActionMask = 2147483647;
			files = (
				EE353EE41A5E4C87008E6761 /* Main.storyboard in Resources */,
				EE353EE91A5E4C87008E6761 /* LaunchScreen.xib in Resources */,
				EE353EE61A5E4C87008E6761 /* Images.xcassets in Resources */,
			);
			runOnlyForDeploymentPostprocessing = 0;
		};
		EE353EEC1A5E4C87008E6761 /* Resources */ = {
			isa = PBXResourcesBuildPhase;
			buildActionMask = 2147483647;
			files = (
			);
			runOnlyForDeploymentPostprocessing = 0;
		};
/* End PBXResourcesBuildPhase section */

/* Begin PBXSourcesBuildPhase section */
		EE353ED11A5E4C87008E6761 /* Sources */ = {
			isa = PBXSourcesBuildPhase;
			buildActionMask = 2147483647;
			files = (
				EE353EDE1A5E4C87008E6761 /* AppDelegate.m in Sources */,
				EE353EDB1A5E4C87008E6761 /* main.m in Sources */,
				EE353F031A5E5311008E6761 /* CCTableViewController.m in Sources */,
			);
			runOnlyForDeploymentPostprocessing = 0;
		};
		EE353EEA1A5E4C87008E6761 /* Sources */ = {
			isa = PBXSourcesBuildPhase;
			buildActionMask = 2147483647;
			files = (
				EE353EF51A5E4C87008E6761 /* UITableViewController_Challenge_SolutionTests.m in Sources */,
			);
			runOnlyForDeploymentPostprocessing = 0;
		};
/* End PBXSourcesBuildPhase section */

/* Begin PBXTargetDependency section */
		EE353EF01A5E4C87008E6761 /* PBXTargetDependency */ = {
			isa = PBXTargetDependency;
			target = EE353ED41A5E4C87008E6761 /* UITableViewController Challenge Solution */;
			targetProxy = EE353EEF1A5E4C87008E6761 /* PBXContainerItemProxy */;
		};
/* End PBXTargetDependency section */

/* Begin PBXVariantGroup section */
		EE353EE21A5E4C87008E6761 /* Main.storyboard */ = {
			isa = PBXVariantGroup;
			children = (
				EE353EE31A5E4C87008E6761 /* Base */,
			);
			name = Main.storyboard;
			sourceTree = "<group>";
		};
		EE353EE71A5E4C87008E6761 /* LaunchScreen.xib */ = {
			isa = PBXVariantGroup;
			children = (
				EE353EE81A5E4C87008E6761 /* Base */,
			);
			name = LaunchScreen.xib;
			sourceTree = "<group>";
		};
/* End PBXVariantGroup section */

/* Begin XCBuildConfiguration section */
		EE353EF61A5E4C87008E6761 /* Debug */ = {
			isa = XCBuildConfiguration;
			buildSettings = {
				ALWAYS_SEARCH_USER_PATHS = NO;
				CLANG_CXX_LANGUAGE_STANDARD = "gnu++0x";
				CLANG_CXX_LIBRARY = "libc++";
				CLANG_ENABLE_MODULES = YES;
				CLANG_ENABLE_OBJC_ARC = YES;
				CLANG_WARN_BOOL_CONVERSION = YES;
				CLANG_WARN_CONSTANT_CONVERSION = YES;
				CLANG_WARN_DIRECT_OBJC_ISA_USAGE = YES_ERROR;
				CLANG_WARN_EMPTY_BODY = YES;
				CLANG_WARN_ENUM_CONVERSION = YES;
				CLANG_WARN_INT_CONVERSION = YES;
				CLANG_WARN_OBJC_ROOT_CLASS = YES_ERROR;
				CLANG_WARN_UNREACHABLE_CODE = YES;
				CLANG_WARN__DUPLICATE_METHOD_MATCH = YES;
				"CODE_SIGN_IDENTITY[sdk=iphoneos*]" = "iPhone Developer";
				COPY_PHASE_STRIP = NO;
				ENABLE_STRICT_OBJC_MSGSEND = YES;
				GCC_C_LANGUAGE_STANDARD = gnu99;
				GCC_DYNAMIC_NO_PIC = NO;
				GCC_OPTIMIZATION_LEVEL = 0;
				GCC_PREPROCESSOR_DEFINITIONS = (
					"DEBUG=1",
					"$(inherited)",
				);
				GCC_SYMBOLS_PRIVATE_EXTERN = NO;
				GCC_WARN_64_TO_32_BIT_CONVERSION = YES;
				GCC_WARN_ABOUT_RETURN_TYPE = YES_ERROR;
				GCC_WARN_UNDECLARED_SELECTOR = YES;
				GCC_WARN_UNINITIALIZED_AUTOS = YES_AGGRESSIVE;
				GCC_WARN_UNUSED_FUNCTION = YES;
				GCC_WARN_UNUSED_VARIABLE = YES;
				IPHONEOS_DEPLOYMENT_TARGET = 8.1;
				MTL_ENABLE_DEBUG_INFO = YES;
				ONLY_ACTIVE_ARCH = YES;
				SDKROOT = iphoneos;
			};
			name = Debug;
		};
		EE353EF71A5E4C87008E6761 /* Release */ = {
			isa = XCBuildConfiguration;
			buildSettings = {
				ALWAYS_SEARCH_USER_PATHS = NO;
				CLANG_CXX_LANGUAGE_STANDARD = "gnu++0x";
				CLANG_CXX_LIBRARY = "libc++";
				CLANG_ENABLE_MODULES = YES;
				CLANG_ENABLE_OBJC_ARC = YES;
				CLANG_WARN_BOOL_CONVERSION = YES;
				CLANG_WARN_CONSTANT_CONVERSION = YES;
				CLANG_WARN_DIRECT_OBJC_ISA_USAGE = YES_ERROR;
				CLANG_WARN_EMPTY_BODY = YES;
				CLANG_WARN_ENUM_CONVERSION = YES;
				CLANG_WARN_INT_CONVERSION = YES;
				CLANG_WARN_OBJC_ROOT_CLASS = YES_ERROR;
				CLANG_WARN_UNREACHABLE_CODE = YES;
				CLANG_WARN__DUPLICATE_METHOD_MATCH = YES;
				"CODE_SIGN_IDENTITY[sdk=iphoneos*]" = "iPhone Developer";
				COPY_PHASE_STRIP = YES;
				ENABLE_NS_ASSERTIONS = NO;
				ENABLE_STRICT_OBJC_MSGSEND = YES;
				GCC_C_LANGUAGE_STANDARD = gnu99;
				GCC_WARN_64_TO_32_BIT_CONVERSION = YES;
				GCC_WARN_ABOUT_RETURN_TYPE = YES_ERROR;
				GCC_WARN_UNDECLARED_SELECTOR = YES;
				GCC_WARN_UNINITIALIZED_AUTOS = YES_AGGRESSIVE;
				GCC_WARN_UNUSED_FUNCTION = YES;
				GCC_WARN_UNUSED_VARIABLE = YES;
				IPHONEOS_DEPLOYMENT_TARGET = 8.1;
				MTL_ENABLE_DEBUG_INFO = NO;
				SDKROOT = iphoneos;
				VALIDATE_PRODUCT = YES;
			};
			name = Release;
		};
		EE353EF91A5E4C87008E6761 /* Debug */ = {
			isa = XCBuildConfiguration;
			buildSettings = {
				ASSETCATALOG_COMPILER_APPICON_NAME = AppIcon;
				INFOPLIST_FILE = "UITableViewController Challenge Solution/Info.plist";
				LD_RUNPATH_SEARCH_PATHS = "$(inherited) @executable_path/Frameworks";
				PRODUCT_NAME = "$(TARGET_NAME)";
			};
			name = Debug;
		};
		EE353EFA1A5E4C87008E6761 /* Release */ = {
			isa = XCBuildConfiguration;
			buildSettings = {
				ASSETCATALOG_COMPILER_APPICON_NAME = AppIcon;
				INFOPLIST_FILE = "UITableViewController Challenge Solution/Info.plist";
				LD_RUNPATH_SEARCH_PATHS = "$(inherited) @executable_path/Frameworks";
				PRODUCT_NAME = "$(TARGET_NAME)";
			};
			name = Release;
		};
		EE353EFC1A5E4C87008E6761 /* Debug */ = {
			isa = XCBuildConfiguration;
			buildSettings = {
				BUNDLE_LOADER = "$(TEST_HOST)";
				FRAMEWORK_SEARCH_PATHS = (
					"$(SDKROOT)/Developer/Library/Frameworks",
					"$(inherited)",
				);
				GCC_PREPROCESSOR_DEFINITIONS = (
					"DEBUG=1",
					"$(inherited)",
				);
				INFOPLIST_FILE = "UITableViewController Challenge SolutionTests/Info.plist";
				LD_RUNPATH_SEARCH_PATHS = "$(inherited) @executable_path/Frameworks @loader_path/Frameworks";
				PRODUCT_NAME = "$(TARGET_NAME)";
				TEST_HOST = "$(BUILT_PRODUCTS_DIR)/UITableViewController Challenge Solution.app/UITableViewController Challenge Solution";
			};
			name = Debug;
		};
		EE353EFD1A5E4C87008E6761 /* Release */ = {
			isa = XCBuildConfiguration;
			buildSettings = {
				BUNDLE_LOADER = "$(TEST_HOST)";
				FRAMEWORK_SEARCH_PATHS = (
					"$(SDKROOT)/Developer/Library/Frameworks",
					"$(inherited)",
				);
				INFOPLIST_FILE = "UITableViewController Challenge SolutionTests/Info.plist";
				LD_RUNPATH_SEARCH_PATHS = "$(inherited) @executable_path/Frameworks @loader_path/Frameworks";
				PRODUCT_NAME = "$(TARGET_NAME)";
				TEST_HOST = "$(BUILT_PRODUCTS_DIR)/UITableViewController Challenge Solution.app/UITableViewController Challenge Solution";
			};
			name = Release;
		};
/* End XCBuildConfiguration section */

/* Begin XCConfigurationList section */
		EE353ED01A5E4C86008E6761 /* Build configuration list for PBXProject "UITableViewController Challenge Solution" */ = {
			isa = XCConfigurationList;
			buildConfigurations = (
				EE353EF61A5E4C87008E6761 /* Debug */,
				EE353EF71A5E4C87008E6761 /* Release */,
			);
			defaultConfigurationIsVisible = 0;
			defaultConfigurationName = Release;
		};
		EE353EF81A5E4C87008E6761 /* Build configuration list for PBXNativeTarget "UITableViewController Challenge Solution" */ = {
			isa = XCConfigurationList;
			buildConfigurations = (
				EE353EF91A5E4C87008E6761 /* Debug */,
				EE353EFA1A5E4C87008E6761 /* Release */,
			);
			defaultConfigurationIsVisible = 0;
			defaultConfigurationName = Release;
		};
		EE353EFB1A5E4C87008E6761 /* Build configuration list for PBXNativeTarget "UITableViewController Challenge SolutionTests" */ = {
			isa = XCConfigurationList;
			buildConfigurations = (
				EE353EFC1A5E4C87008E6761 /* Debug */,
				EE353EFD1A5E4C87008E6761 /* Release */,
			);
			defaultConfigurationIsVisible = 0;
			defaultConfigurationName = Release;
		};
/* End XCConfigurationList section */
	};
	rootObject = EE353ECD1A5E4C86008E6761 /* Project object */;
}
